
Microsoft Visual Studio Solution File, Format Version 12.00
# Visual Studio Version 16
VisualStudioVersion = 16.0.30128.74
MinimumVisualStudioVersion = 10.0.40219.1
Project("{9A19103F-16F7-4668-BE54-9A1E7A4F7556}") = "FControllTello", "FControllTello\FControllTello.csproj", "{447D3083-AA8D-4E58-94BC-0B3698366467}"
EndProject
Project("{FAE04EC0-301F-11D3-BF4B-00C04F79EFBC}") = "DroneSDK", "DroneSDK\DroneSDK.csproj", "{9F839695-F1A9-482C-852A-44CA865B65B6}"
EndProject
Project("{FAE04EC0-301F-11D3-BF4B-00C04F79EFBC}") = "DroneUI", "DroneUI\DroneUI.csproj", "{F76F633B-BD3B-43B9-871F-C1ACCF9AEB18}"
EndProject
Global
	GlobalSection(SolutionConfigurationPlatforms) = preSolution
		Debug|Any CPU = Debug|Any CPU
		Release|Any CPU = Release|Any CPU
	EndGlobalSection
	GlobalSection(ProjectConfigurationPlatforms) = postSolution
		{447D3083-AA8D-4E58-94BC-0B3698366467}.Debug|Any CPU.ActiveCfg = Debug|Any CPU
		{447D3083-AA8D-4E58-94BC-0B3698366467}.Debug|Any CPU.Build.0 = Debug|Any CPU
		{447D3083-AA8D-4E58-94BC-0B3698366467}.Release|Any CPU.ActiveCfg = Release|Any CPU
		{447D3083-AA8D-4E58-94BC-0B3698366467}.Release|Any CPU.Build.0 = Release|Any CPU
		{9F839695-F1A9-482C-852A-44CA865B65B6}.Debug|Any CPU.ActiveCfg = Debug|Any CPU
		{9F839695-F1A9-482C-852A-44CA865B65B6}.Debug|Any CPU.Build.0 = Debug|Any CPU
		{9F839695-F1A9-482C-852A-44CA865B65B6}.Release|Any CPU.ActiveCfg = Release|Any CPU
		{9F839695-F1A9-482C-852A-44CA865B65B6}.Release|Any CPU.Build.0 = Release|Any CPU
		{F76F633B-BD3B-43B9-871F-C1ACCF9AEB18}.Debug|Any CPU.ActiveCfg = Debug|Any CPU
		{F76F633B-BD3B-43B9-871F-C1ACCF9AEB18}.Debug|Any CPU.Build.0 = Debug|Any CPU
		{F76F633B-BD3B-43B9-871F-C1ACCF9AEB18}.Release|Any CPU.ActiveCfg = Release|Any CPU
		{F76F633B-BD3B-43B9-871F-C1ACCF9AEB18}.Release|Any CPU.Build.0 = Release|Any CPU
	EndGlobalSection
	GlobalSection(SolutionProperties) = preSolution
		HideSolutionNode = FALSE
	EndGlobalSection
	GlobalSection(ExtensibilityGlobals) = postSolution
		SolutionGuid = {FAD1A6E1-3C63-4ED4-B67F-1F9B2B89C319}
	EndGlobalSection
EndGlobal
